
Microsoft Visual Studio Solution File, Format Version 12.00
# Visual Studio Version 16
VisualStudioVersion = 16.0.30907.101
MinimumVisualStudioVersion = 10.0.40219.1
Project("{FAE04EC0-301F-11D3-BF4B-00C04F79EFBC}") = "final3", "final3\final3.csproj", "{A232C988-3A9D-445C-800D-B490DB36A817}"
EndProject
Global
	GlobalSection(SolutionConfigurationPlatforms) = preSolution
		Debug|Any CPU = Debug|Any CPU
		Release|Any CPU = Release|Any CPU
	EndGlobalSection
	GlobalSection(ProjectConfigurationPlatforms) = postSolution
		{A232C988-3A9D-445C-800D-B490DB36A817}.Debug|Any CPU.ActiveCfg = Debug|Any CPU
		{A232C988-3A9D-445C-800D-B490DB36A817}.Debug|Any CPU.Build.0 = Debug|Any CPU
		{A232C988-3A9D-445C-800D-B490DB36A817}.Release|Any CPU.ActiveCfg = Release|Any CPU
		{A232C988-3A9D-445C-800D-B490DB36A817}.Release|Any CPU.Build.0 = Release|Any CPU
	EndGlobalSection
	GlobalSection(SolutionProperties) = preSolution
		HideSolutionNode = FALSE
	EndGlobalSection
	GlobalSection(ExtensibilityGlobals) = postSolution
		SolutionGuid = {62B8A1E9-6BE4-430D-BB8E-9484F5FD55E0}
	EndGlobalSection
EndGlobal
